
Microsoft Visual Studio Solution File, Format Version 12.00
# Visual Studio Version 17
VisualStudioVersion = 17.3.32901.215
MinimumVisualStudioVersion = 10.0.40219.1
Project("{FAE04EC0-301F-11D3-BF4B-00C04F79EFBC}") = "refaktoryzacja_wzorce", "refaktoryzacja_wzorce\refaktoryzacja_wzorce.csproj", "{4C169074-2D8E-4145-8489-42302E4CA3B9}"
EndProject
Global
	GlobalSection(SolutionConfigurationPlatforms) = preSolution
		Debug|Any CPU = Debug|Any CPU
		Release|Any CPU = Release|Any CPU
	EndGlobalSection
	GlobalSection(ProjectConfigurationPlatforms) = postSolution
		{4C169074-2D8E-4145-8489-42302E4CA3B9}.Debug|Any CPU.ActiveCfg = Debug|Any CPU
		{4C169074-2D8E-4145-8489-42302E4CA3B9}.Debug|Any CPU.Build.0 = Debug|Any CPU
		{4C169074-2D8E-4145-8489-42302E4CA3B9}.Release|Any CPU.ActiveCfg = Release|Any CPU
		{4C169074-2D8E-4145-8489-42302E4CA3B9}.Release|Any CPU.Build.0 = Release|Any CPU
	EndGlobalSection
	GlobalSection(SolutionProperties) = preSolution
		HideSolutionNode = FALSE
	EndGlobalSection
	GlobalSection(ExtensibilityGlobals) = postSolution
		SolutionGuid = {D03EDAF8-1EA7-4584-849C-32293DE27021}
	EndGlobalSection
EndGlobal
